
Microsoft Visual Studio Solution File, Format Version 12.00
# Visual Studio 14
VisualStudioVersion = 14.0.25420.1
MinimumVisualStudioVersion = 10.0.40219.1
Project("{FAE04EC0-301F-11D3-BF4B-00C04F79EFBC}") = "SDKConnect", "SDKConnect\SDKConnect.csproj", "{C953F3BF-2947-4106-82DA-7F17D31E09A2}"
EndProject
Project("{FAE04EC0-301F-11D3-BF4B-00C04F79EFBC}") = "NeuralSOM", "NeuralSOM\NeuralSOM.csproj", "{F4EB3531-25C0-48FE-83C0-4F153C79BAC5}"
EndProject
Project("{FAE04EC0-301F-11D3-BF4B-00C04F79EFBC}") = "ConsoleRedeSOM", "ConsoleRedeSOM\ConsoleRedeSOM.csproj", "{1BFD228D-5F26-4A3E-ADE3-8F0F4881E85B}"
EndProject
Project("{2150E333-8FDC-42A3-9474-1A3956D46DE8}") = "CaptacaoDados", "CaptacaoDados", "{A67C8233-ADFD-490C-B4CC-60C691D60FA1}"
EndProject
Project("{FAE04EC0-301F-11D3-BF4B-00C04F79EFBC}") = "HomeIOSimpleCapture", "HomeIOSimpleCapture\HomeIOSimpleCapture.csproj", "{7F946CB8-1619-4AB2-9057-2244BA1F699F}"
EndProject
Project("{2150E333-8FDC-42A3-9474-1A3956D46DE8}") = "SDK", "SDK", "{BEB46046-28CC-49DF-86B8-CBA5D35D059C}"
EndProject
Project("{2150E333-8FDC-42A3-9474-1A3956D46DE8}") = "Consoles", "Consoles", "{2C8FBA2A-8B18-42D0-8831-F853F4051057}"
EndProject
Project("{2150E333-8FDC-42A3-9474-1A3956D46DE8}") = "TomadaDecisao", "TomadaDecisao", "{15609F1B-9EB3-470A-AD6E-163941E02489}"
EndProject
Project("{FAE04EC0-301F-11D3-BF4B-00C04F79EFBC}") = "DecisaoSimples", "DecisaoSimples\DecisaoSimples.csproj", "{4020CBCE-FD0F-4B94-8AFD-4215E0A1A6D0}"
EndProject
Project("{2150E333-8FDC-42A3-9474-1A3956D46DE8}") = "Consoles", "Consoles", "{8DC2BC04-BA18-4DF7-9C10-AF2235D599EC}"
EndProject
Project("{2150E333-8FDC-42A3-9474-1A3956D46DE8}") = "Projeto", "Projeto", "{2B92DCA3-6A53-4940-A9C3-560146843A07}"
EndProject
Project("{FAE04EC0-301F-11D3-BF4B-00C04F79EFBC}") = "ConsoleDecisaoSimples", "ConsoleDecisaoSimples\ConsoleDecisaoSimples.csproj", "{D885758F-5A27-404C-B5CD-BE60C8B68DC3}"
EndProject
Global
	GlobalSection(SolutionConfigurationPlatforms) = preSolution
		Debug|Any CPU = Debug|Any CPU
		Release|Any CPU = Release|Any CPU
	EndGlobalSection
	GlobalSection(ProjectConfigurationPlatforms) = postSolution
		{C953F3BF-2947-4106-82DA-7F17D31E09A2}.Debug|Any CPU.ActiveCfg = Debug|Any CPU
		{C953F3BF-2947-4106-82DA-7F17D31E09A2}.Debug|Any CPU.Build.0 = Debug|Any CPU
		{C953F3BF-2947-4106-82DA-7F17D31E09A2}.Release|Any CPU.ActiveCfg = Release|Any CPU
		{C953F3BF-2947-4106-82DA-7F17D31E09A2}.Release|Any CPU.Build.0 = Release|Any CPU
		{F4EB3531-25C0-48FE-83C0-4F153C79BAC5}.Debug|Any CPU.ActiveCfg = Debug|Any CPU
		{F4EB3531-25C0-48FE-83C0-4F153C79BAC5}.Debug|Any CPU.Build.0 = Debug|Any CPU
		{F4EB3531-25C0-48FE-83C0-4F153C79BAC5}.Release|Any CPU.ActiveCfg = Release|Any CPU
		{F4EB3531-25C0-48FE-83C0-4F153C79BAC5}.Release|Any CPU.Build.0 = Release|Any CPU
		{1BFD228D-5F26-4A3E-ADE3-8F0F4881E85B}.Debug|Any CPU.ActiveCfg = Debug|Any CPU
		{1BFD228D-5F26-4A3E-ADE3-8F0F4881E85B}.Debug|Any CPU.Build.0 = Debug|Any CPU
		{1BFD228D-5F26-4A3E-ADE3-8F0F4881E85B}.Release|Any CPU.ActiveCfg = Release|Any CPU
		{1BFD228D-5F26-4A3E-ADE3-8F0F4881E85B}.Release|Any CPU.Build.0 = Release|Any CPU
		{7F946CB8-1619-4AB2-9057-2244BA1F699F}.Debug|Any CPU.ActiveCfg = Debug|Any CPU
		{7F946CB8-1619-4AB2-9057-2244BA1F699F}.Debug|Any CPU.Build.0 = Debug|Any CPU
		{7F946CB8-1619-4AB2-9057-2244BA1F699F}.Release|Any CPU.ActiveCfg = Release|Any CPU
		{7F946CB8-1619-4AB2-9057-2244BA1F699F}.Release|Any CPU.Build.0 = Release|Any CPU
		{4020CBCE-FD0F-4B94-8AFD-4215E0A1A6D0}.Debug|Any CPU.ActiveCfg = Debug|Any CPU
		{4020CBCE-FD0F-4B94-8AFD-4215E0A1A6D0}.Debug|Any CPU.Build.0 = Debug|Any CPU
		{4020CBCE-FD0F-4B94-8AFD-4215E0A1A6D0}.Release|Any CPU.ActiveCfg = Release|Any CPU
		{4020CBCE-FD0F-4B94-8AFD-4215E0A1A6D0}.Release|Any CPU.Build.0 = Release|Any CPU
		{D885758F-5A27-404C-B5CD-BE60C8B68DC3}.Debug|Any CPU.ActiveCfg = Debug|Any CPU
		{D885758F-5A27-404C-B5CD-BE60C8B68DC3}.Debug|Any CPU.Build.0 = Debug|Any CPU
		{D885758F-5A27-404C-B5CD-BE60C8B68DC3}.Release|Any CPU.ActiveCfg = Release|Any CPU
		{D885758F-5A27-404C-B5CD-BE60C8B68DC3}.Release|Any CPU.Build.0 = Release|Any CPU
	EndGlobalSection
	GlobalSection(SolutionProperties) = preSolution
		HideSolutionNode = FALSE
	EndGlobalSection
	GlobalSection(NestedProjects) = preSolution
		{C953F3BF-2947-4106-82DA-7F17D31E09A2} = {BEB46046-28CC-49DF-86B8-CBA5D35D059C}
		{F4EB3531-25C0-48FE-83C0-4F153C79BAC5} = {15609F1B-9EB3-470A-AD6E-163941E02489}
		{1BFD228D-5F26-4A3E-ADE3-8F0F4881E85B} = {2C8FBA2A-8B18-42D0-8831-F853F4051057}
		{7F946CB8-1619-4AB2-9057-2244BA1F699F} = {8DC2BC04-BA18-4DF7-9C10-AF2235D599EC}
		{BEB46046-28CC-49DF-86B8-CBA5D35D059C} = {2B92DCA3-6A53-4940-A9C3-560146843A07}
		{2C8FBA2A-8B18-42D0-8831-F853F4051057} = {2B92DCA3-6A53-4940-A9C3-560146843A07}
		{15609F1B-9EB3-470A-AD6E-163941E02489} = {2B92DCA3-6A53-4940-A9C3-560146843A07}
		{4020CBCE-FD0F-4B94-8AFD-4215E0A1A6D0} = {15609F1B-9EB3-470A-AD6E-163941E02489}
		{8DC2BC04-BA18-4DF7-9C10-AF2235D599EC} = {A67C8233-ADFD-490C-B4CC-60C691D60FA1}
		{D885758F-5A27-404C-B5CD-BE60C8B68DC3} = {2C8FBA2A-8B18-42D0-8831-F853F4051057}
	EndGlobalSection
EndGlobal
